
Microsoft Visual Studio Solution File, Format Version 12.00
# Visual Studio Version 16
VisualStudioVersion = 16.0.30225.117
MinimumVisualStudioVersion = 10.0.40219.1
Project("{FAE04EC0-301F-11D3-BF4B-00C04F79EFBC}") = "Lab 15.1 Consuming An API", "Lab 15.1 Consuming An API\Lab 15.1 Consuming An API.csproj", "{8E11F65C-DCF5-4270-B677-238F65DE6E46}"
EndProject
Global
	GlobalSection(SolutionConfigurationPlatforms) = preSolution
		Debug|Any CPU = Debug|Any CPU
		Release|Any CPU = Release|Any CPU
	EndGlobalSection
	GlobalSection(ProjectConfigurationPlatforms) = postSolution
		{8E11F65C-DCF5-4270-B677-238F65DE6E46}.Debug|Any CPU.ActiveCfg = Debug|Any CPU
		{8E11F65C-DCF5-4270-B677-238F65DE6E46}.Debug|Any CPU.Build.0 = Debug|Any CPU
		{8E11F65C-DCF5-4270-B677-238F65DE6E46}.Release|Any CPU.ActiveCfg = Release|Any CPU
		{8E11F65C-DCF5-4270-B677-238F65DE6E46}.Release|Any CPU.Build.0 = Release|Any CPU
	EndGlobalSection
	GlobalSection(SolutionProperties) = preSolution
		HideSolutionNode = FALSE
	EndGlobalSection
	GlobalSection(ExtensibilityGlobals) = postSolution
		SolutionGuid = {9E9506EF-8A23-4D09-9BC5-13DFF0207F72}
	EndGlobalSection
EndGlobal
